
Microsoft Visual Studio Solution File, Format Version 12.00
# Visual Studio Version 16
VisualStudioVersion = 16.0.33927.289
MinimumVisualStudioVersion = 10.0.40219.1
Project("{2150E333-8FDC-42A3-9474-1A3956D46DE8}") = "Task0", "Task0", "{C9B4C67D-D4F0-447B-83C3-E7214D4D2D79}"
EndProject
Project("{FAE04EC0-301F-11D3-BF4B-00C04F79EFBC}") = "Tyuiu.GofmanDV.Sprint3.Task0.V19", "Tyuiu.GofmanDV.Sprint3.Task0.V19\Tyuiu.GofmanDV.Sprint3.Task0.V19.csproj", "{8983C849-6DE3-457A-9EFF-16D09402E7E8}"
EndProject
Project("{FAE04EC0-301F-11D3-BF4B-00C04F79EFBC}") = "Tyuiu.GofmanDV.Sprint3.Task0.V19.Lib", "Tyuiu.GofmanDV.Sprint3.Task0.V19.Lib\Tyuiu.GofmanDV.Sprint3.Task0.V19.Lib.csproj", "{D503405E-EBEA-402D-A324-C10C8857168B}"
EndProject
Project("{FAE04EC0-301F-11D3-BF4B-00C04F79EFBC}") = "Tyuiu.GofmanDV.Sprint3.Task0.V19.Test", "Tyuiu.GofmanDV.Sprint3.Task0.V19.Test\Tyuiu.GofmanDV.Sprint3.Task0.V19.Test.csproj", "{BBBE0ACC-CEF9-4188-A8C0-9385D1DB2AF8}"
EndProject
Project("{2150E333-8FDC-42A3-9474-1A3956D46DE8}") = "Task1", "Task1", "{65E6B04A-2C98-45CE-BFA9-B5575DA45CE2}"
EndProject
Project("{FAE04EC0-301F-11D3-BF4B-00C04F79EFBC}") = "Tyuiu.GofmanDV.Sprint3.Task1.V21", "Tyuiu.GofmanDV.Sprint3.Task1.V21\Tyuiu.GofmanDV.Sprint3.Task1.V21.csproj", "{22FAA223-4F5B-4A44-A9AF-B54504817A6D}"
EndProject
Project("{FAE04EC0-301F-11D3-BF4B-00C04F79EFBC}") = "Tyuiu.GofmanDV.Sprint3.Task1.V21.Lib", "Tyuiu.GofmanDV.Sprint3.Task1.V21.Lib\Tyuiu.GofmanDV.Sprint3.Task1.V21.Lib.csproj", "{778F847B-4CBB-41AD-B9CF-1FC9C16C856D}"
EndProject
Project("{FAE04EC0-301F-11D3-BF4B-00C04F79EFBC}") = "Tyuiu.GofmanDV.Sprint3.Task1.V21.Test", "Tyuiu.GofmanDV.Sprint3.Task1.V21.Test\Tyuiu.GofmanDV.Sprint3.Task1.V21.Test.csproj", "{5D4156EE-E0D9-44F3-BA3F-A13E3F7BF483}"
EndProject
Project("{2150E333-8FDC-42A3-9474-1A3956D46DE8}") = "Task2", "Task2", "{C582CB4D-0C6F-46A2-A28C-94BED8685F61}"
EndProject
Project("{FAE04EC0-301F-11D3-BF4B-00C04F79EFBC}") = "Tyuiu.GofmanDV.Sprint3.Task2.V7", "Tyuiu.GofmanDV.Sprint3.Task2.V7\Tyuiu.GofmanDV.Sprint3.Task2.V7.csproj", "{CBC98D53-FF7B-4D08-9F2C-F73CAF858E01}"
EndProject
Project("{FAE04EC0-301F-11D3-BF4B-00C04F79EFBC}") = "Tyuiu.GofmanDV.Sprint3.Task2.V7.Lib", "Tyuiu.GofmanDV.Sprint3.Task2.V7.Lib\Tyuiu.GofmanDV.Sprint3.Task2.V7.Lib.csproj", "{EB74D3A5-CE69-4B0F-BA03-35AA46B458FB}"
EndProject
Project("{FAE04EC0-301F-11D3-BF4B-00C04F79EFBC}") = "Tyuiu.GofmanDV.Sprint3.Task2.V7.Test", "Tyuiu.GofmanDV.Sprint3.Task2.V7.Test\Tyuiu.GofmanDV.Sprint3.Task2.V7.Test.csproj", "{D00E172E-E55F-470E-9EFB-B1C2BA1AB942}"
EndProject
Project("{2150E333-8FDC-42A3-9474-1A3956D46DE8}") = "Task3", "Task3", "{8EDBBC1E-97C9-4B08-B8FA-685CA19CABB0}"
EndProject
Project("{FAE04EC0-301F-11D3-BF4B-00C04F79EFBC}") = "Tyuiu.GofmanDV.Sprint3.Task3.V21", "Tyuiu.GofmanDV.Sprint3.Task3.V21\Tyuiu.GofmanDV.Sprint3.Task3.V21.csproj", "{084B113A-6034-4154-86F9-6551C0761FBD}"
EndProject
Project("{FAE04EC0-301F-11D3-BF4B-00C04F79EFBC}") = "Tyuiu.GofmanDV.Sprint3.Task3.V21.Lib", "Tyuiu.GofmanDV.Sprint3.Task3.V21.Lib\Tyuiu.GofmanDV.Sprint3.Task3.V21.Lib.csproj", "{1663B270-77C7-4B58-A7DF-892EFE1A1987}"
EndProject
Project("{FAE04EC0-301F-11D3-BF4B-00C04F79EFBC}") = "Tyuiu.GofmanDV.Sprint3.Task3.V21.Test", "Tyuiu.GofmanDV.Sprint3.Task3.V21.Test\Tyuiu.GofmanDV.Sprint3.Task3.V21.Test.csproj", "{D9AF068E-1ABC-4591-B0BB-095BC9C04353}"
EndProject
Project("{2150E333-8FDC-42A3-9474-1A3956D46DE8}") = "Task4", "Task4", "{9051EDCE-F972-4584-BEEE-04E31F61DA82}"
EndProject
Project("{2150E333-8FDC-42A3-9474-1A3956D46DE8}") = "Task5", "Task5", "{8628F964-CEBA-42AC-A8FC-2A93E0676495}"
EndProject
Project("{2150E333-8FDC-42A3-9474-1A3956D46DE8}") = "Task6", "Task6", "{744F98CD-94CD-4484-841E-602A1ECEA945}"
EndProject
Project("{2150E333-8FDC-42A3-9474-1A3956D46DE8}") = "Task7", "Task7", "{CA291750-A8C8-461D-844C-7B949DB965CF}"
EndProject
Project("{FAE04EC0-301F-11D3-BF4B-00C04F79EFBC}") = "Tyuiu.GofmanDV.Sprint3.Task4.V8", "Tyuiu.GofmanDV.Sprint3.Task4.V8\Tyuiu.GofmanDV.Sprint3.Task4.V8.csproj", "{A1CB597D-05A7-4B21-9007-A4E00FD62372}"
EndProject
Project("{FAE04EC0-301F-11D3-BF4B-00C04F79EFBC}") = "Tyuiu.GofmanDV.Sprint3.Task4.V8.Lib", "Tyuiu.GofmanDV.Sprint3.Task4.V8.Lib\Tyuiu.GofmanDV.Sprint3.Task4.V8.Lib.csproj", "{2CCCAEC2-7EA7-4DD4-B319-F2ED19633E06}"
EndProject
Project("{FAE04EC0-301F-11D3-BF4B-00C04F79EFBC}") = "Tyuiu.GofmanDV.Sprint3.Task4.V8.Test", "Tyuiu.GofmanDV.Sprint3.Task4.V8.Test\Tyuiu.GofmanDV.Sprint3.Task4.V8.Test.csproj", "{96D30E05-A18C-43EB-8B4F-8E9103895AD6}"
EndProject
Project("{FAE04EC0-301F-11D3-BF4B-00C04F79EFBC}") = "Tyuiu.GofmanDV.Sprint3.Task5.V7", "Tyuiu.GofmanDV.Sprint3.Task5.V7\Tyuiu.GofmanDV.Sprint3.Task5.V7.csproj", "{CD0C83E4-AC34-4C8D-BB63-BB159567FB49}"
EndProject
Project("{FAE04EC0-301F-11D3-BF4B-00C04F79EFBC}") = "Tyuiu.GofmanDV.Sprint3.Task5.V7.Lib", "Tyuiu.GofmanDV.Sprint3.Task5.V7.Lib\Tyuiu.GofmanDV.Sprint3.Task5.V7.Lib.csproj", "{FAB906E4-0FF4-462F-B44B-4CF0456ECA73}"
EndProject
Project("{FAE04EC0-301F-11D3-BF4B-00C04F79EFBC}") = "Tyuiu.GofmanDV.Sprint3.Task5.V7.Test", "Tyuiu.GofmanDV.Sprint3.Task5.V7.Test\Tyuiu.GofmanDV.Sprint3.Task5.V7.Test.csproj", "{A1F9A606-C7F5-4585-817F-6E251BAC77BE}"
EndProject
Global
	GlobalSection(SolutionConfigurationPlatforms) = preSolution
		Debug|Any CPU = Debug|Any CPU
		Release|Any CPU = Release|Any CPU
	EndGlobalSection
	GlobalSection(ProjectConfigurationPlatforms) = postSolution
		{8983C849-6DE3-457A-9EFF-16D09402E7E8}.Debug|Any CPU.ActiveCfg = Debug|Any CPU
		{8983C849-6DE3-457A-9EFF-16D09402E7E8}.Debug|Any CPU.Build.0 = Debug|Any CPU
		{8983C849-6DE3-457A-9EFF-16D09402E7E8}.Release|Any CPU.ActiveCfg = Release|Any CPU
		{8983C849-6DE3-457A-9EFF-16D09402E7E8}.Release|Any CPU.Build.0 = Release|Any CPU
		{D503405E-EBEA-402D-A324-C10C8857168B}.Debug|Any CPU.ActiveCfg = Debug|Any CPU
		{D503405E-EBEA-402D-A324-C10C8857168B}.Debug|Any CPU.Build.0 = Debug|Any CPU
		{D503405E-EBEA-402D-A324-C10C8857168B}.Release|Any CPU.ActiveCfg = Release|Any CPU
		{D503405E-EBEA-402D-A324-C10C8857168B}.Release|Any CPU.Build.0 = Release|Any CPU
		{BBBE0ACC-CEF9-4188-A8C0-9385D1DB2AF8}.Debug|Any CPU.ActiveCfg = Debug|Any CPU
		{BBBE0ACC-CEF9-4188-A8C0-9385D1DB2AF8}.Debug|Any CPU.Build.0 = Debug|Any CPU
		{BBBE0ACC-CEF9-4188-A8C0-9385D1DB2AF8}.Release|Any CPU.ActiveCfg = Release|Any CPU
		{BBBE0ACC-CEF9-4188-A8C0-9385D1DB2AF8}.Release|Any CPU.Build.0 = Release|Any CPU
		{22FAA223-4F5B-4A44-A9AF-B54504817A6D}.Debug|Any CPU.ActiveCfg = Debug|Any CPU
		{22FAA223-4F5B-4A44-A9AF-B54504817A6D}.Debug|Any CPU.Build.0 = Debug|Any CPU
		{22FAA223-4F5B-4A44-A9AF-B54504817A6D}.Release|Any CPU.ActiveCfg = Release|Any CPU
		{22FAA223-4F5B-4A44-A9AF-B54504817A6D}.Release|Any CPU.Build.0 = Release|Any CPU
		{778F847B-4CBB-41AD-B9CF-1FC9C16C856D}.Debug|Any CPU.ActiveCfg = Debug|Any CPU
		{778F847B-4CBB-41AD-B9CF-1FC9C16C856D}.Debug|Any CPU.Build.0 = Debug|Any CPU
		{778F847B-4CBB-41AD-B9CF-1FC9C16C856D}.Release|Any CPU.ActiveCfg = Release|Any CPU
		{778F847B-4CBB-41AD-B9CF-1FC9C16C856D}.Release|Any CPU.Build.0 = Release|Any CPU
		{5D4156EE-E0D9-44F3-BA3F-A13E3F7BF483}.Debug|Any CPU.ActiveCfg = Debug|Any CPU
		{5D4156EE-E0D9-44F3-BA3F-A13E3F7BF483}.Debug|Any CPU.Build.0 = Debug|Any CPU
		{5D4156EE-E0D9-44F3-BA3F-A13E3F7BF483}.Release|Any CPU.ActiveCfg = Release|Any CPU
		{5D4156EE-E0D9-44F3-BA3F-A13E3F7BF483}.Release|Any CPU.Build.0 = Release|Any CPU
		{CBC98D53-FF7B-4D08-9F2C-F73CAF858E01}.Debug|Any CPU.ActiveCfg = Debug|Any CPU
		{CBC98D53-FF7B-4D08-9F2C-F73CAF858E01}.Debug|Any CPU.Build.0 = Debug|Any CPU
		{CBC98D53-FF7B-4D08-9F2C-F73CAF858E01}.Release|Any CPU.ActiveCfg = Release|Any CPU
		{CBC98D53-FF7B-4D08-9F2C-F73CAF858E01}.Release|Any CPU.Build.0 = Release|Any CPU
		{EB74D3A5-CE69-4B0F-BA03-35AA46B458FB}.Debug|Any CPU.ActiveCfg = Debug|Any CPU
		{EB74D3A5-CE69-4B0F-BA03-35AA46B458FB}.Debug|Any CPU.Build.0 = Debug|Any CPU
		{EB74D3A5-CE69-4B0F-BA03-35AA46B458FB}.Release|Any CPU.ActiveCfg = Release|Any CPU
		{EB74D3A5-CE69-4B0F-BA03-35AA46B458FB}.Release|Any CPU.Build.0 = Release|Any CPU
		{D00E172E-E55F-470E-9EFB-B1C2BA1AB942}.Debug|Any CPU.ActiveCfg = Debug|Any CPU
		{D00E172E-E55F-470E-9EFB-B1C2BA1AB942}.Debug|Any CPU.Build.0 = Debug|Any CPU
		{D00E172E-E55F-470E-9EFB-B1C2BA1AB942}.Release|Any CPU.ActiveCfg = Release|Any CPU
		{D00E172E-E55F-470E-9EFB-B1C2BA1AB942}.Release|Any CPU.Build.0 = Release|Any CPU
		{084B113A-6034-4154-86F9-6551C0761FBD}.Debug|Any CPU.ActiveCfg = Debug|Any CPU
		{084B113A-6034-4154-86F9-6551C0761FBD}.Debug|Any CPU.Build.0 = Debug|Any CPU
		{084B113A-6034-4154-86F9-6551C0761FBD}.Release|Any CPU.ActiveCfg = Release|Any CPU
		{084B113A-6034-4154-86F9-6551C0761FBD}.Release|Any CPU.Build.0 = Release|Any CPU
		{1663B270-77C7-4B58-A7DF-892EFE1A1987}.Debug|Any CPU.ActiveCfg = Debug|Any CPU
		{1663B270-77C7-4B58-A7DF-892EFE1A1987}.Debug|Any CPU.Build.0 = Debug|Any CPU
		{1663B270-77C7-4B58-A7DF-892EFE1A1987}.Release|Any CPU.ActiveCfg = Release|Any CPU
		{1663B270-77C7-4B58-A7DF-892EFE1A1987}.Release|Any CPU.Build.0 = Release|Any CPU
		{D9AF068E-1ABC-4591-B0BB-095BC9C04353}.Debug|Any CPU.ActiveCfg = Debug|Any CPU
		{D9AF068E-1ABC-4591-B0BB-095BC9C04353}.Debug|Any CPU.Build.0 = Debug|Any CPU
		{D9AF068E-1ABC-4591-B0BB-095BC9C04353}.Release|Any CPU.ActiveCfg = Release|Any CPU
		{D9AF068E-1ABC-4591-B0BB-095BC9C04353}.Release|Any CPU.Build.0 = Release|Any CPU
		{A1CB597D-05A7-4B21-9007-A4E00FD62372}.Debug|Any CPU.ActiveCfg = Debug|Any CPU
		{A1CB597D-05A7-4B21-9007-A4E00FD62372}.Debug|Any CPU.Build.0 = Debug|Any CPU
		{A1CB597D-05A7-4B21-9007-A4E00FD62372}.Release|Any CPU.ActiveCfg = Release|Any CPU
		{A1CB597D-05A7-4B21-9007-A4E00FD62372}.Release|Any CPU.Build.0 = Release|Any CPU
		{2CCCAEC2-7EA7-4DD4-B319-F2ED19633E06}.Debug|Any CPU.ActiveCfg = Debug|Any CPU
		{2CCCAEC2-7EA7-4DD4-B319-F2ED19633E06}.Debug|Any CPU.Build.0 = Debug|Any CPU
		{2CCCAEC2-7EA7-4DD4-B319-F2ED19633E06}.Release|Any CPU.ActiveCfg = Release|Any CPU
		{2CCCAEC2-7EA7-4DD4-B319-F2ED19633E06}.Release|Any CPU.Build.0 = Release|Any CPU
		{96D30E05-A18C-43EB-8B4F-8E9103895AD6}.Debug|Any CPU.ActiveCfg = Debug|Any CPU
		{96D30E05-A18C-43EB-8B4F-8E9103895AD6}.Debug|Any CPU.Build.0 = Debug|Any CPU
		{96D30E05-A18C-43EB-8B4F-8E9103895AD6}.Release|Any CPU.ActiveCfg = Release|Any CPU
		{96D30E05-A18C-43EB-8B4F-8E9103895AD6}.Release|Any CPU.Build.0 = Release|Any CPU
		{CD0C83E4-AC34-4C8D-BB63-BB159567FB49}.Debug|Any CPU.ActiveCfg = Debug|Any CPU
		{CD0C83E4-AC34-4C8D-BB63-BB159567FB49}.Debug|Any CPU.Build.0 = Debug|Any CPU
		{CD0C83E4-AC34-4C8D-BB63-BB159567FB49}.Release|Any CPU.ActiveCfg = Release|Any CPU
		{CD0C83E4-AC34-4C8D-BB63-BB159567FB49}.Release|Any CPU.Build.0 = Release|Any CPU
		{FAB906E4-0FF4-462F-B44B-4CF0456ECA73}.Debug|Any CPU.ActiveCfg = Debug|Any CPU
		{FAB906E4-0FF4-462F-B44B-4CF0456ECA73}.Debug|Any CPU.Build.0 = Debug|Any CPU
		{FAB906E4-0FF4-462F-B44B-4CF0456ECA73}.Release|Any CPU.ActiveCfg = Release|Any CPU
		{FAB906E4-0FF4-462F-B44B-4CF0456ECA73}.Release|Any CPU.Build.0 = Release|Any CPU
		{A1F9A606-C7F5-4585-817F-6E251BAC77BE}.Debug|Any CPU.ActiveCfg = Debug|Any CPU
		{A1F9A606-C7F5-4585-817F-6E251BAC77BE}.Debug|Any CPU.Build.0 = Debug|Any CPU
		{A1F9A606-C7F5-4585-817F-6E251BAC77BE}.Release|Any CPU.ActiveCfg = Release|Any CPU
		{A1F9A606-C7F5-4585-817F-6E251BAC77BE}.Release|Any CPU.Build.0 = Release|Any CPU
	EndGlobalSection
	GlobalSection(SolutionProperties) = preSolution
		HideSolutionNode = FALSE
	EndGlobalSection
	GlobalSection(NestedProjects) = preSolution
		{8983C849-6DE3-457A-9EFF-16D09402E7E8} = {C9B4C67D-D4F0-447B-83C3-E7214D4D2D79}
		{D503405E-EBEA-402D-A324-C10C8857168B} = {C9B4C67D-D4F0-447B-83C3-E7214D4D2D79}
		{BBBE0ACC-CEF9-4188-A8C0-9385D1DB2AF8} = {C9B4C67D-D4F0-447B-83C3-E7214D4D2D79}
		{22FAA223-4F5B-4A44-A9AF-B54504817A6D} = {65E6B04A-2C98-45CE-BFA9-B5575DA45CE2}
		{778F847B-4CBB-41AD-B9CF-1FC9C16C856D} = {65E6B04A-2C98-45CE-BFA9-B5575DA45CE2}
		{5D4156EE-E0D9-44F3-BA3F-A13E3F7BF483} = {65E6B04A-2C98-45CE-BFA9-B5575DA45CE2}
		{CBC98D53-FF7B-4D08-9F2C-F73CAF858E01} = {C582CB4D-0C6F-46A2-A28C-94BED8685F61}
		{EB74D3A5-CE69-4B0F-BA03-35AA46B458FB} = {C582CB4D-0C6F-46A2-A28C-94BED8685F61}
		{D00E172E-E55F-470E-9EFB-B1C2BA1AB942} = {C582CB4D-0C6F-46A2-A28C-94BED8685F61}
		{084B113A-6034-4154-86F9-6551C0761FBD} = {8EDBBC1E-97C9-4B08-B8FA-685CA19CABB0}
		{1663B270-77C7-4B58-A7DF-892EFE1A1987} = {8EDBBC1E-97C9-4B08-B8FA-685CA19CABB0}
		{D9AF068E-1ABC-4591-B0BB-095BC9C04353} = {8EDBBC1E-97C9-4B08-B8FA-685CA19CABB0}
		{A1CB597D-05A7-4B21-9007-A4E00FD62372} = {9051EDCE-F972-4584-BEEE-04E31F61DA82}
		{2CCCAEC2-7EA7-4DD4-B319-F2ED19633E06} = {9051EDCE-F972-4584-BEEE-04E31F61DA82}
		{96D30E05-A18C-43EB-8B4F-8E9103895AD6} = {9051EDCE-F972-4584-BEEE-04E31F61DA82}
		{CD0C83E4-AC34-4C8D-BB63-BB159567FB49} = {8628F964-CEBA-42AC-A8FC-2A93E0676495}
		{FAB906E4-0FF4-462F-B44B-4CF0456ECA73} = {8628F964-CEBA-42AC-A8FC-2A93E0676495}
		{A1F9A606-C7F5-4585-817F-6E251BAC77BE} = {8628F964-CEBA-42AC-A8FC-2A93E0676495}
	EndGlobalSection
	GlobalSection(ExtensibilityGlobals) = postSolution
		SolutionGuid = {14525299-0FB1-4F70-8457-55F08D87DDBA}
	EndGlobalSection
EndGlobal
