
Microsoft Visual Studio Solution File, Format Version 12.00
# Visual Studio Version 16
VisualStudioVersion = 16.0.33927.289
MinimumVisualStudioVersion = 10.0.40219.1
Project("{2150E333-8FDC-42A3-9474-1A3956D46DE8}") = "Task0", "Task0", "{C9B4C67D-D4F0-447B-83C3-E7214D4D2D79}"
EndProject
Project("{FAE04EC0-301F-11D3-BF4B-00C04F79EFBC}") = "Tyuiu.GofmanDV.Sprint3.Task0.V19", "Tyuiu.GofmanDV.Sprint3.Task0.V19\Tyuiu.GofmanDV.Sprint3.Task0.V19.csproj", "{8983C849-6DE3-457A-9EFF-16D09402E7E8}"
EndProject
Project("{FAE04EC0-301F-11D3-BF4B-00C04F79EFBC}") = "Tyuiu.GofmanDV.Sprint3.Task0.V19.Lib", "Tyuiu.GofmanDV.Sprint3.Task0.V19.Lib\Tyuiu.GofmanDV.Sprint3.Task0.V19.Lib.csproj", "{D503405E-EBEA-402D-A324-C10C8857168B}"
EndProject
Project("{FAE04EC0-301F-11D3-BF4B-00C04F79EFBC}") = "Tyuiu.GofmanDV.Sprint3.Task0.V19.Test", "Tyuiu.GofmanDV.Sprint3.Task0.V19.Test\Tyuiu.GofmanDV.Sprint3.Task0.V19.Test.csproj", "{BBBE0ACC-CEF9-4188-A8C0-9385D1DB2AF8}"
EndProject
Project("{2150E333-8FDC-42A3-9474-1A3956D46DE8}") = "Task1", "Task1", "{65E6B04A-2C98-45CE-BFA9-B5575DA45CE2}"
EndProject
Project("{FAE04EC0-301F-11D3-BF4B-00C04F79EFBC}") = "Tyuiu.GofmanDV.Sprint3.Task1.V21", "Tyuiu.GofmanDV.Sprint3.Task1.V21\Tyuiu.GofmanDV.Sprint3.Task1.V21.csproj", "{22FAA223-4F5B-4A44-A9AF-B54504817A6D}"
EndProject
Project("{FAE04EC0-301F-11D3-BF4B-00C04F79EFBC}") = "Tyuiu.GofmanDV.Sprint3.Task1.V21.Lib", "Tyuiu.GofmanDV.Sprint3.Task1.V21.Lib\Tyuiu.GofmanDV.Sprint3.Task1.V21.Lib.csproj", "{778F847B-4CBB-41AD-B9CF-1FC9C16C856D}"
EndProject
Project("{FAE04EC0-301F-11D3-BF4B-00C04F79EFBC}") = "Tyuiu.GofmanDV.Sprint3.Task1.V21.Test", "Tyuiu.GofmanDV.Sprint3.Task1.V21.Test\Tyuiu.GofmanDV.Sprint3.Task1.V21.Test.csproj", "{5D4156EE-E0D9-44F3-BA3F-A13E3F7BF483}"
EndProject
Global
	GlobalSection(SolutionConfigurationPlatforms) = preSolution
		Debug|Any CPU = Debug|Any CPU
		Release|Any CPU = Release|Any CPU
	EndGlobalSection
	GlobalSection(ProjectConfigurationPlatforms) = postSolution
		{8983C849-6DE3-457A-9EFF-16D09402E7E8}.Debug|Any CPU.ActiveCfg = Debug|Any CPU
		{8983C849-6DE3-457A-9EFF-16D09402E7E8}.Debug|Any CPU.Build.0 = Debug|Any CPU
		{8983C849-6DE3-457A-9EFF-16D09402E7E8}.Release|Any CPU.ActiveCfg = Release|Any CPU
		{8983C849-6DE3-457A-9EFF-16D09402E7E8}.Release|Any CPU.Build.0 = Release|Any CPU
		{D503405E-EBEA-402D-A324-C10C8857168B}.Debug|Any CPU.ActiveCfg = Debug|Any CPU
		{D503405E-EBEA-402D-A324-C10C8857168B}.Debug|Any CPU.Build.0 = Debug|Any CPU
		{D503405E-EBEA-402D-A324-C10C8857168B}.Release|Any CPU.ActiveCfg = Release|Any CPU
		{D503405E-EBEA-402D-A324-C10C8857168B}.Release|Any CPU.Build.0 = Release|Any CPU
		{BBBE0ACC-CEF9-4188-A8C0-9385D1DB2AF8}.Debug|Any CPU.ActiveCfg = Debug|Any CPU
		{BBBE0ACC-CEF9-4188-A8C0-9385D1DB2AF8}.Debug|Any CPU.Build.0 = Debug|Any CPU
		{BBBE0ACC-CEF9-4188-A8C0-9385D1DB2AF8}.Release|Any CPU.ActiveCfg = Release|Any CPU
		{BBBE0ACC-CEF9-4188-A8C0-9385D1DB2AF8}.Release|Any CPU.Build.0 = Release|Any CPU
		{22FAA223-4F5B-4A44-A9AF-B54504817A6D}.Debug|Any CPU.ActiveCfg = Debug|Any CPU
		{22FAA223-4F5B-4A44-A9AF-B54504817A6D}.Debug|Any CPU.Build.0 = Debug|Any CPU
		{22FAA223-4F5B-4A44-A9AF-B54504817A6D}.Release|Any CPU.ActiveCfg = Release|Any CPU
		{22FAA223-4F5B-4A44-A9AF-B54504817A6D}.Release|Any CPU.Build.0 = Release|Any CPU
		{778F847B-4CBB-41AD-B9CF-1FC9C16C856D}.Debug|Any CPU.ActiveCfg = Debug|Any CPU
		{778F847B-4CBB-41AD-B9CF-1FC9C16C856D}.Debug|Any CPU.Build.0 = Debug|Any CPU
		{778F847B-4CBB-41AD-B9CF-1FC9C16C856D}.Release|Any CPU.ActiveCfg = Release|Any CPU
		{778F847B-4CBB-41AD-B9CF-1FC9C16C856D}.Release|Any CPU.Build.0 = Release|Any CPU
		{5D4156EE-E0D9-44F3-BA3F-A13E3F7BF483}.Debug|Any CPU.ActiveCfg = Debug|Any CPU
		{5D4156EE-E0D9-44F3-BA3F-A13E3F7BF483}.Debug|Any CPU.Build.0 = Debug|Any CPU
		{5D4156EE-E0D9-44F3-BA3F-A13E3F7BF483}.Release|Any CPU.ActiveCfg = Release|Any CPU
		{5D4156EE-E0D9-44F3-BA3F-A13E3F7BF483}.Release|Any CPU.Build.0 = Release|Any CPU
	EndGlobalSection
	GlobalSection(SolutionProperties) = preSolution
		HideSolutionNode = FALSE
	EndGlobalSection
	GlobalSection(NestedProjects) = preSolution
		{8983C849-6DE3-457A-9EFF-16D09402E7E8} = {C9B4C67D-D4F0-447B-83C3-E7214D4D2D79}
		{D503405E-EBEA-402D-A324-C10C8857168B} = {C9B4C67D-D4F0-447B-83C3-E7214D4D2D79}
		{BBBE0ACC-CEF9-4188-A8C0-9385D1DB2AF8} = {C9B4C67D-D4F0-447B-83C3-E7214D4D2D79}
		{22FAA223-4F5B-4A44-A9AF-B54504817A6D} = {65E6B04A-2C98-45CE-BFA9-B5575DA45CE2}
		{778F847B-4CBB-41AD-B9CF-1FC9C16C856D} = {65E6B04A-2C98-45CE-BFA9-B5575DA45CE2}
		{5D4156EE-E0D9-44F3-BA3F-A13E3F7BF483} = {65E6B04A-2C98-45CE-BFA9-B5575DA45CE2}
	EndGlobalSection
	GlobalSection(ExtensibilityGlobals) = postSolution
		SolutionGuid = {14525299-0FB1-4F70-8457-55F08D87DDBA}
	EndGlobalSection
EndGlobal
